{
  "name": "ansible",
  "lockfileVersion": 2,
  "requires": true,
  "packages": {
    "": {
      "dependencies": {
        "n": "^9.0.0",
        "typescript": "^4.8.3"
      }
    },
    "node_modules/n": {
      "version": "9.0.0",
      "resolved": "https://registry.npmjs.org/n/-/n-9.0.0.tgz",
      "integrity": "sha512-OZie4DuAZASChFZnIkf5BYEYEhMe6utRTAWM+98aS6N0pRLNxcDEMwxSsy7is98zTlDICcQB2dym+u10pEOtBg==",
      "os": [
        "!win32"
      ],
      "bin": {
        "n": "bin/n"
      },
      "engines": {
        "node": "*"
      }
    },
    "node_modules/typescript": {
      "version": "4.8.3",
      "resolved": "https://registry.npmjs.org/typescript/-/typescript-4.8.3.tgz",
      "integrity": "sha512-goMHfm00nWPa8UvR/CPSvykqf6dVV8x/dp0c5mFTMTIu0u0FlGWRioyy7Nn0PGAdHxpJZnuO/ut+PpQ8UiHAig==",
      "bin": {
        "tsc": "bin/tsc",
        "tsserver": "bin/tsserver"
      },
      "engines": {
        "node": ">=4.2.0"
      }
    }
  },
  "dependencies": {
    "n": {
      "version": "9.0.0",
      "resolved": "https://registry.npmjs.org/n/-/n-9.0.0.tgz",
      "integrity": "sha512-OZie4DuAZASChFZnIkf5BYEYEhMe6utRTAWM+98aS6N0pRLNxcDEMwxSsy7is98zTlDICcQB2dym+u10pEOtBg=="
    },
    "typescript": {
      "version": "4.8.3",
      "resolved": "https://registry.npmjs.org/typescript/-/typescript-4.8.3.tgz",
      "integrity": "sha512-goMHfm00nWPa8UvR/CPSvykqf6dVV8x/dp0c5mFTMTIu0u0FlGWRioyy7Nn0PGAdHxpJZnuO/ut+PpQ8UiHAig=="
    }
  }
}
